{
	"name": "@react-components-attempt/styles",
	"version": "0.0.4",
	"lockfileVersion": 1,
	"requires": true,
	"dependencies": {
		"@yoo-digital/sassquatch": {
			"version": "0.4.1",
			"resolved": "https://registry.npmjs.org/@yoo-digital/sassquatch/-/sassquatch-0.4.1.tgz",
			"integrity": "sha512-LN/YA/20jc69q5A0kX8iQ2RxYTFpWORo8R5Nqr8vZM6ggxMIeVwoELF4ZjJR0322h1iLcS6BOe/auj3pqL7VEw=="
		},
		"normalize.css": {
			"version": "8.0.1",
			"resolved": "https://registry.npmjs.org/normalize.css/-/normalize.css-8.0.1.tgz",
			"integrity": "sha512-qizSNPO93t1YUuUhP22btGOo3chcvDFqFaj2TRybP0DMxkHOCTYwp3n34fel4a31ORXy4m1Xq0Gyqpb5m33qIg=="
		}
	}
}
